
Microsoft Visual Studio Solution File, Format Version 12.00
# Visual Studio Version 16
VisualStudioVersion = 16.0.30225.117
MinimumVisualStudioVersion = 10.0.40219.1
Project("{9A19103F-16F7-4668-BE54-9A1E7A4F7556}") = "Transactocommerce", "Transactocommerce\Transactocommerce.csproj", "{1DC6CD6A-31B5-4EB8-BC62-389D39778F6C}"
EndProject
Global
	GlobalSection(SolutionConfigurationPlatforms) = preSolution
		Debug|Any CPU = Debug|Any CPU
		Release|Any CPU = Release|Any CPU
	EndGlobalSection
	GlobalSection(ProjectConfigurationPlatforms) = postSolution
		{1DC6CD6A-31B5-4EB8-BC62-389D39778F6C}.Debug|Any CPU.ActiveCfg = Debug|Any CPU
		{1DC6CD6A-31B5-4EB8-BC62-389D39778F6C}.Debug|Any CPU.Build.0 = Debug|Any CPU
		{1DC6CD6A-31B5-4EB8-BC62-389D39778F6C}.Release|Any CPU.ActiveCfg = Release|Any CPU
		{1DC6CD6A-31B5-4EB8-BC62-389D39778F6C}.Release|Any CPU.Build.0 = Release|Any CPU
	EndGlobalSection
	GlobalSection(SolutionProperties) = preSolution
		HideSolutionNode = FALSE
	EndGlobalSection
	GlobalSection(ExtensibilityGlobals) = postSolution
		SolutionGuid = {75120347-B696-4B0D-B7D3-F40A0C4E22A9}
	EndGlobalSection
EndGlobal
